// !$*UTF8*$!
{
	archiveVersion = 1;
	classes = {
	};
	objectVersion = 50;
	objects = {

/* Begin PBXBuildFile section */
		83391F4126BCE43300C5061B /* CNBC_App.swift in Sources */ = {isa = PBXBuildFile; fileRef = 83391F4026BCE43300C5061B /* CNBC_App.swift */; };
		83391F4326BCE43300C5061B /* ContentView.swift in Sources */ = {isa = PBXBuildFile; fileRef = 83391F4226BCE43300C5061B /* ContentView.swift */; };
		83391F4526BCE43500C5061B /* Assets.xcassets in Resources */ = {isa = PBXBuildFile; fileRef = 83391F4426BCE43500C5061B /* Assets.xcassets */; };
		83391F4826BCE43500C5061B /* Preview Assets.xcassets in Resources */ = {isa = PBXBuildFile; fileRef = 83391F4726BCE43500C5061B /* Preview Assets.xcassets */; };
		83391F5026BCE4D600C5061B /* RegionScreen.swift in Sources */ = {isa = PBXBuildFile; fileRef = 83391F4F26BCE4D600C5061B /* RegionScreen.swift */; };
		83391F5F26BCFC2600C5061B /* Roboto-Medium.ttf in Resources */ = {isa = PBXBuildFile; fileRef = 83391F5226BCFC2600C5061B /* Roboto-Medium.ttf */; };
		83391F6026BCFC2600C5061B /* Roboto-Light.ttf in Resources */ = {isa = PBXBuildFile; fileRef = 83391F5326BCFC2600C5061B /* Roboto-Light.ttf */; };
		83391F6126BCFC2600C5061B /* Roboto-Regular.ttf in Resources */ = {isa = PBXBuildFile; fileRef = 83391F5426BCFC2600C5061B /* Roboto-Regular.ttf */; };
		83391F6226BCFC2600C5061B /* Roboto-MediumItalic.ttf in Resources */ = {isa = PBXBuildFile; fileRef = 83391F5526BCFC2600C5061B /* Roboto-MediumItalic.ttf */; };
		83391F6326BCFC2600C5061B /* Roboto-ThinItalic.ttf in Resources */ = {isa = PBXBuildFile; fileRef = 83391F5626BCFC2600C5061B /* Roboto-ThinItalic.ttf */; };
		83391F6426BCFC2600C5061B /* Roboto-BoldItalic.ttf in Resources */ = {isa = PBXBuildFile; fileRef = 83391F5726BCFC2600C5061B /* Roboto-BoldItalic.ttf */; };
		83391F6526BCFC2600C5061B /* Roboto-LightItalic.ttf in Resources */ = {isa = PBXBuildFile; fileRef = 83391F5826BCFC2600C5061B /* Roboto-LightItalic.ttf */; };
		83391F6626BCFC2600C5061B /* Roboto-Italic.ttf in Resources */ = {isa = PBXBuildFile; fileRef = 83391F5926BCFC2600C5061B /* Roboto-Italic.ttf */; };
		83391F6826BCFC2600C5061B /* Roboto-BlackItalic.ttf in Resources */ = {isa = PBXBuildFile; fileRef = 83391F5B26BCFC2600C5061B /* Roboto-BlackItalic.ttf */; };
		83391F6926BCFC2600C5061B /* Roboto-Bold.ttf in Resources */ = {isa = PBXBuildFile; fileRef = 83391F5C26BCFC2600C5061B /* Roboto-Bold.ttf */; };
		83391F6A26BCFC2600C5061B /* Roboto-Thin.ttf in Resources */ = {isa = PBXBuildFile; fileRef = 83391F5D26BCFC2600C5061B /* Roboto-Thin.ttf */; };
		83391F6B26BCFC2600C5061B /* Roboto-Black.ttf in Resources */ = {isa = PBXBuildFile; fileRef = 83391F5E26BCFC2600C5061B /* Roboto-Black.ttf */; };
		83391F6D26BD08C800C5061B /* ViewModelData.swift in Sources */ = {isa = PBXBuildFile; fileRef = 83391F6C26BD08C800C5061B /* ViewModelData.swift */; };
/* End PBXBuildFile section */

/* Begin PBXFileReference section */
		83391F3D26BCE43300C5061B /* CNBC App.app */ = {isa = PBXFileReference; explicitFileType = wrapper.application; includeInIndex = 0; path = "CNBC App.app"; sourceTree = BUILT_PRODUCTS_DIR; };
		83391F4026BCE43300C5061B /* CNBC_App.swift */ = {isa = PBXFileReference; lastKnownFileType = sourcecode.swift; path = CNBC_App.swift; sourceTree = "<group>"; };
		83391F4226BCE43300C5061B /* ContentView.swift */ = {isa = PBXFileReference; lastKnownFileType = sourcecode.swift; path = ContentView.swift; sourceTree = "<group>"; };
		83391F4426BCE43500C5061B /* Assets.xcassets */ = {isa = PBXFileReference; lastKnownFileType = folder.assetcatalog; path = Assets.xcassets; sourceTree = "<group>"; };
		83391F4726BCE43500C5061B /* Preview Assets.xcassets */ = {isa = PBXFileReference; lastKnownFileType = folder.assetcatalog; path = "Preview Assets.xcassets"; sourceTree = "<group>"; };
		83391F4926BCE43500C5061B /* Info.plist */ = {isa = PBXFileReference; lastKnownFileType = text.plist.xml; path = Info.plist; sourceTree = "<group>"; };
		83391F4F26BCE4D600C5061B /* RegionScreen.swift */ = {isa = PBXFileReference; lastKnownFileType = sourcecode.swift; path = RegionScreen.swift; sourceTree = "<group>"; };
		83391F5226BCFC2600C5061B /* Roboto-Medium.ttf */ = {isa = PBXFileReference; lastKnownFileType = file; path = "Roboto-Medium.ttf"; sourceTree = "<group>"; };
		83391F5326BCFC2600C5061B /* Roboto-Light.ttf */ = {isa = PBXFileReference; lastKnownFileType = file; path = "Roboto-Light.ttf"; sourceTree = "<group>"; };
		83391F5426BCFC2600C5061B /* Roboto-Regular.ttf */ = {isa = PBXFileReference; lastKnownFileType = file; path = "Roboto-Regular.ttf"; sourceTree = "<group>"; };
		83391F5526BCFC2600C5061B /* Roboto-MediumItalic.ttf */ = {isa = PBXFileReference; lastKnownFileType = file; path = "Roboto-MediumItalic.ttf"; sourceTree = "<group>"; };
		83391F5626BCFC2600C5061B /* Roboto-ThinItalic.ttf */ = {isa = PBXFileReference; lastKnownFileType = file; path = "Roboto-ThinItalic.ttf"; sourceTree = "<group>"; };
		83391F5726BCFC2600C5061B /* Roboto-BoldItalic.ttf */ = {isa = PBXFileReference; lastKnownFileType = file; path = "Roboto-BoldItalic.ttf"; sourceTree = "<group>"; };
		83391F5826BCFC2600C5061B /* Roboto-LightItalic.ttf */ = {isa = PBXFileReference; lastKnownFileType = file; path = "Roboto-LightItalic.ttf"; sourceTree = "<group>"; };
		83391F5926BCFC2600C5061B /* Roboto-Italic.ttf */ = {isa = PBXFileReference; lastKnownFileType = file; path = "Roboto-Italic.ttf"; sourceTree = "<group>"; };
		83391F5B26BCFC2600C5061B /* Roboto-BlackItalic.ttf */ = {isa = PBXFileReference; lastKnownFileType = file; path = "Roboto-BlackItalic.ttf"; sourceTree = "<group>"; };
		83391F5C26BCFC2600C5061B /* Roboto-Bold.ttf */ = {isa = PBXFileReference; lastKnownFileType = file; path = "Roboto-Bold.ttf"; sourceTree = "<group>"; };
		83391F5D26BCFC2600C5061B /* Roboto-Thin.ttf */ = {isa = PBXFileReference; lastKnownFileType = file; path = "Roboto-Thin.ttf"; sourceTree = "<group>"; };
		83391F5E26BCFC2600C5061B /* Roboto-Black.ttf */ = {isa = PBXFileReference; lastKnownFileType = file; path = "Roboto-Black.ttf"; sourceTree = "<group>"; };
		83391F6C26BD08C800C5061B /* ViewModelData.swift */ = {isa = PBXFileReference; lastKnownFileType = sourcecode.swift; path = ViewModelData.swift; sourceTree = "<group>"; };
/* End PBXFileReference section */

/* Begin PBXFrameworksBuildPhase section */
		83391F3A26BCE43300C5061B /* Frameworks */ = {
			isa = PBXFrameworksBuildPhase;
			buildActionMask = 2147483647;
			files = (
			);
			runOnlyForDeploymentPostprocessing = 0;
		};
/* End PBXFrameworksBuildPhase section */

/* Begin PBXGroup section */
		83391F3426BCE43300C5061B = {
			isa = PBXGroup;
			children = (
				83391F3F26BCE43300C5061B /* CNBC App */,
				83391F3E26BCE43300C5061B /* Products */,
			);
			sourceTree = "<group>";
		};
		83391F3E26BCE43300C5061B /* Products */ = {
			isa = PBXGroup;
			children = (
				83391F3D26BCE43300C5061B /* CNBC App.app */,
			);
			name = Products;
			sourceTree = "<group>";
		};
		83391F3F26BCE43300C5061B /* CNBC App */ = {
			isa = PBXGroup;
			children = (
				83391F5126BCFC2600C5061B /* Font */,
				83391F4026BCE43300C5061B /* CNBC_App.swift */,
				83391F4226BCE43300C5061B /* ContentView.swift */,
				83391F4F26BCE4D600C5061B /* RegionScreen.swift */,
				83391F6C26BD08C800C5061B /* ViewModelData.swift */,
				83391F4426BCE43500C5061B /* Assets.xcassets */,
				83391F4926BCE43500C5061B /* Info.plist */,
				83391F4626BCE43500C5061B /* Preview Content */,
			);
			path = "CNBC App";
			sourceTree = "<group>";
		};
		83391F4626BCE43500C5061B /* Preview Content */ = {
			isa = PBXGroup;
			children = (
				83391F4726BCE43500C5061B /* Preview Assets.xcassets */,
			);
			path = "Preview Content";
			sourceTree = "<group>";
		};
		83391F5126BCFC2600C5061B /* Font */ = {
			isa = PBXGroup;
			children = (
				83391F5226BCFC2600C5061B /* Roboto-Medium.ttf */,
				83391F5326BCFC2600C5061B /* Roboto-Light.ttf */,
				83391F5426BCFC2600C5061B /* Roboto-Regular.ttf */,
				83391F5526BCFC2600C5061B /* Roboto-MediumItalic.ttf */,
				83391F5626BCFC2600C5061B /* Roboto-ThinItalic.ttf */,
				83391F5726BCFC2600C5061B /* Roboto-BoldItalic.ttf */,
				83391F5826BCFC2600C5061B /* Roboto-LightItalic.ttf */,
				83391F5926BCFC2600C5061B /* Roboto-Italic.ttf */,
				83391F5B26BCFC2600C5061B /* Roboto-BlackItalic.ttf */,
				83391F5C26BCFC2600C5061B /* Roboto-Bold.ttf */,
				83391F5D26BCFC2600C5061B /* Roboto-Thin.ttf */,
				83391F5E26BCFC2600C5061B /* Roboto-Black.ttf */,
			);
			path = Font;
			sourceTree = "<group>";
		};
/* End PBXGroup section */

/* Begin PBXNativeTarget section */
		83391F3C26BCE43300C5061B /* CNBC App */ = {
			isa = PBXNativeTarget;
			buildConfigurationList = 83391F4C26BCE43500C5061B /* Build configuration list for PBXNativeTarget "CNBC App" */;
			buildPhases = (
				83391F3926BCE43300C5061B /* Sources */,
				83391F3A26BCE43300C5061B /* Frameworks */,
				83391F3B26BCE43300C5061B /* Resources */,
			);
			buildRules = (
			);
			dependencies = (
			);
			name = "CNBC App";
			productName = "CNBC App";
			productReference = 83391F3D26BCE43300C5061B /* CNBC App.app */;
			productType = "com.apple.product-type.application";
		};
/* End PBXNativeTarget section */

/* Begin PBXProject section */
		83391F3526BCE43300C5061B /* Project object */ = {
			isa = PBXProject;
			attributes = {
				LastSwiftUpdateCheck = 1250;
				LastUpgradeCheck = 1250;
				TargetAttributes = {
					83391F3C26BCE43300C5061B = {
						CreatedOnToolsVersion = 12.5.1;
					};
				};
			};
			buildConfigurationList = 83391F3826BCE43300C5061B /* Build configuration list for PBXProject "CNBC App" */;
			compatibilityVersion = "Xcode 9.3";
			developmentRegion = en;
			hasScannedForEncodings = 0;
			knownRegions = (
				en,
				Base,
			);
			mainGroup = 83391F3426BCE43300C5061B;
			productRefGroup = 83391F3E26BCE43300C5061B /* Products */;
			projectDirPath = "";
			projectRoot = "";
			targets = (
				83391F3C26BCE43300C5061B /* CNBC App */,
			);
		};
/* End PBXProject section */

/* Begin PBXResourcesBuildPhase section */
		83391F3B26BCE43300C5061B /* Resources */ = {
			isa = PBXResourcesBuildPhase;
			buildActionMask = 2147483647;
			files = (
				83391F6A26BCFC2600C5061B /* Roboto-Thin.ttf in Resources */,
				83391F6B26BCFC2600C5061B /* Roboto-Black.ttf in Resources */,
				83391F6926BCFC2600C5061B /* Roboto-Bold.ttf in Resources */,
				83391F4826BCE43500C5061B /* Preview Assets.xcassets in Resources */,
				83391F4526BCE43500C5061B /* Assets.xcassets in Resources */,
				83391F6426BCFC2600C5061B /* Roboto-BoldItalic.ttf in Resources */,
				83391F6126BCFC2600C5061B /* Roboto-Regular.ttf in Resources */,
				83391F6326BCFC2600C5061B /* Roboto-ThinItalic.ttf in Resources */,
				83391F6526BCFC2600C5061B /* Roboto-LightItalic.ttf in Resources */,
				83391F6826BCFC2600C5061B /* Roboto-BlackItalic.ttf in Resources */,
				83391F6026BCFC2600C5061B /* Roboto-Light.ttf in Resources */,
				83391F6626BCFC2600C5061B /* Roboto-Italic.ttf in Resources */,
				83391F6226BCFC2600C5061B /* Roboto-MediumItalic.ttf in Resources */,
				83391F5F26BCFC2600C5061B /* Roboto-Medium.ttf in Resources */,
			);
			runOnlyForDeploymentPostprocessing = 0;
		};
/* End PBXResourcesBuildPhase section */

/* Begin PBXSourcesBuildPhase section */
		83391F3926BCE43300C5061B /* Sources */ = {
			isa = PBXSourcesBuildPhase;
			buildActionMask = 2147483647;
			files = (
				83391F6D26BD08C800C5061B /* ViewModelData.swift in Sources */,
				83391F4326BCE43300C5061B /* ContentView.swift in Sources */,
				83391F4126BCE43300C5061B /* CNBC_App.swift in Sources */,
				83391F5026BCE4D600C5061B /* RegionScreen.swift in Sources */,
			);
			runOnlyForDeploymentPostprocessing = 0;
		};
/* End PBXSourcesBuildPhase section */

/* Begin XCBuildConfiguration section */
		83391F4A26BCE43500C5061B /* Debug */ = {
			isa = XCBuildConfiguration;
			buildSettings = {
				ALWAYS_SEARCH_USER_PATHS = NO;
				CLANG_ANALYZER_NONNULL = YES;
				CLANG_ANALYZER_NUMBER_OBJECT_CONVERSION = YES_AGGRESSIVE;
				CLANG_CXX_LANGUAGE_STANDARD = "gnu++14";
				CLANG_CXX_LIBRARY = "libc++";
				CLANG_ENABLE_MODULES = YES;
				CLANG_ENABLE_OBJC_ARC = YES;
				CLANG_ENABLE_OBJC_WEAK = YES;
				CLANG_WARN_BLOCK_CAPTURE_AUTORELEASING = YES;
				CLANG_WARN_BOOL_CONVERSION = YES;
				CLANG_WARN_COMMA = YES;
				CLANG_WARN_CONSTANT_CONVERSION = YES;
				CLANG_WARN_DEPRECATED_OBJC_IMPLEMENTATIONS = YES;
				CLANG_WARN_DIRECT_OBJC_ISA_USAGE = YES_ERROR;
				CLANG_WARN_DOCUMENTATION_COMMENTS = YES;
				CLANG_WARN_EMPTY_BODY = YES;
				CLANG_WARN_ENUM_CONVERSION = YES;
				CLANG_WARN_INFINITE_RECURSION = YES;
				CLANG_WARN_INT_CONVERSION = YES;
				CLANG_WARN_NON_LITERAL_NULL_CONVERSION = YES;
				CLANG_WARN_OBJC_IMPLICIT_RETAIN_SELF = YES;
				CLANG_WARN_OBJC_LITERAL_CONVERSION = YES;
				CLANG_WARN_OBJC_ROOT_CLASS = YES_ERROR;
				CLANG_WARN_QUOTED_INCLUDE_IN_FRAMEWORK_HEADER = YES;
				CLANG_WARN_RANGE_LOOP_ANALYSIS = YES;
				CLANG_WARN_STRICT_PROTOTYPES = YES;
				CLANG_WARN_SUSPICIOUS_MOVE = YES;
				CLANG_WARN_UNGUARDED_AVAILABILITY = YES_AGGRESSIVE;
				CLANG_WARN_UNREACHABLE_CODE = YES;
				CLANG_WARN__DUPLICATE_METHOD_MATCH = YES;
				COPY_PHASE_STRIP = NO;
				DEBUG_INFORMATION_FORMAT = dwarf;
				ENABLE_STRICT_OBJC_MSGSEND = YES;
				ENABLE_TESTABILITY = YES;
				GCC_C_LANGUAGE_STANDARD = gnu11;
				GCC_DYNAMIC_NO_PIC = NO;
				GCC_NO_COMMON_BLOCKS = YES;
				GCC_OPTIMIZATION_LEVEL = 0;
				GCC_PREPROCESSOR_DEFINITIONS = (
					"DEBUG=1",
					"$(inherited)",
				);
				GCC_WARN_64_TO_32_BIT_CONVERSION = YES;
				GCC_WARN_ABOUT_RETURN_TYPE = YES_ERROR;
				GCC_WARN_UNDECLARED_SELECTOR = YES;
				GCC_WARN_UNINITIALIZED_AUTOS = YES_AGGRESSIVE;
				GCC_WARN_UNUSED_FUNCTION = YES;
				GCC_WARN_UNUSED_VARIABLE = YES;
				IPHONEOS_DEPLOYMENT_TARGET = 14.5;
				MTL_ENABLE_DEBUG_INFO = INCLUDE_SOURCE;
				MTL_FAST_MATH = YES;
				ONLY_ACTIVE_ARCH = YES;
				SDKROOT = iphoneos;
				SWIFT_ACTIVE_COMPILATION_CONDITIONS = DEBUG;
				SWIFT_OPTIMIZATION_LEVEL = "-Onone";
			};
			name = Debug;
		};
		83391F4B26BCE43500C5061B /* Release */ = {
			isa = XCBuildConfiguration;
			buildSettings = {
				ALWAYS_SEARCH_USER_PATHS = NO;
				CLANG_ANALYZER_NONNULL = YES;
				CLANG_ANALYZER_NUMBER_OBJECT_CONVERSION = YES_AGGRESSIVE;
				CLANG_CXX_LANGUAGE_STANDARD = "gnu++14";
				CLANG_CXX_LIBRARY = "libc++";
				CLANG_ENABLE_MODULES = YES;
				CLANG_ENABLE_OBJC_ARC = YES;
				CLANG_ENABLE_OBJC_WEAK = YES;
				CLANG_WARN_BLOCK_CAPTURE_AUTORELEASING = YES;
				CLANG_WARN_BOOL_CONVERSION = YES;
				CLANG_WARN_COMMA = YES;
				CLANG_WARN_CONSTANT_CONVERSION = YES;
				CLANG_WARN_DEPRECATED_OBJC_IMPLEMENTATIONS = YES;
				CLANG_WARN_DIRECT_OBJC_ISA_USAGE = YES_ERROR;
				CLANG_WARN_DOCUMENTATION_COMMENTS = YES;
				CLANG_WARN_EMPTY_BODY = YES;
				CLANG_WARN_ENUM_CONVERSION = YES;
				CLANG_WARN_INFINITE_RECURSION = YES;
				CLANG_WARN_INT_CONVERSION = YES;
				CLANG_WARN_NON_LITERAL_NULL_CONVERSION = YES;
				CLANG_WARN_OBJC_IMPLICIT_RETAIN_SELF = YES;
				CLANG_WARN_OBJC_LITERAL_CONVERSION = YES;
				CLANG_WARN_OBJC_ROOT_CLASS = YES_ERROR;
				CLANG_WARN_QUOTED_INCLUDE_IN_FRAMEWORK_HEADER = YES;
				CLANG_WARN_RANGE_LOOP_ANALYSIS = YES;
				CLANG_WARN_STRICT_PROTOTYPES = YES;
				CLANG_WARN_SUSPICIOUS_MOVE = YES;
				CLANG_WARN_UNGUARDED_AVAILABILITY = YES_AGGRESSIVE;
				CLANG_WARN_UNREACHABLE_CODE = YES;
				CLANG_WARN__DUPLICATE_METHOD_MATCH = YES;
				COPY_PHASE_STRIP = NO;
				DEBUG_INFORMATION_FORMAT = "dwarf-with-dsym";
				ENABLE_NS_ASSERTIONS = NO;
				ENABLE_STRICT_OBJC_MSGSEND = YES;
				GCC_C_LANGUAGE_STANDARD = gnu11;
				GCC_NO_COMMON_BLOCKS = YES;
				GCC_WARN_64_TO_32_BIT_CONVERSION = YES;
				GCC_WARN_ABOUT_RETURN_TYPE = YES_ERROR;
				GCC_WARN_UNDECLARED_SELECTOR = YES;
				GCC_WARN_UNINITIALIZED_AUTOS = YES_AGGRESSIVE;
				GCC_WARN_UNUSED_FUNCTION = YES;
				GCC_WARN_UNUSED_VARIABLE = YES;
				IPHONEOS_DEPLOYMENT_TARGET = 14.5;
				MTL_ENABLE_DEBUG_INFO = NO;
				MTL_FAST_MATH = YES;
				SDKROOT = iphoneos;
				SWIFT_COMPILATION_MODE = wholemodule;
				SWIFT_OPTIMIZATION_LEVEL = "-O";
				VALIDATE_PRODUCT = YES;
			};
			name = Release;
		};
		83391F4D26BCE43500C5061B /* Debug */ = {
			isa = XCBuildConfiguration;
			buildSettings = {
				ASSETCATALOG_COMPILER_APPICON_NAME = AppIcon;
				ASSETCATALOG_COMPILER_GLOBAL_ACCENT_COLOR_NAME = AccentColor;
				CODE_SIGN_STYLE = Automatic;
				DEVELOPMENT_ASSET_PATHS = "\"CNBC App/Preview Content\"";
				DEVELOPMENT_TEAM = 3Z63WM57Y7;
				ENABLE_PREVIEWS = YES;
				INFOPLIST_FILE = "CNBC App/Info.plist";
				IPHONEOS_DEPLOYMENT_TARGET = 14.0;
				LD_RUNPATH_SEARCH_PATHS = (
					"$(inherited)",
					"@executable_path/Frameworks",
				);
				PRODUCT_BUNDLE_IDENTIFIER = "JuneProject.CNBC-App";
				PRODUCT_NAME = "$(TARGET_NAME)";
				SWIFT_VERSION = 5.0;
				TARGETED_DEVICE_FAMILY = "1,2";
			};
			name = Debug;
		};
		83391F4E26BCE43500C5061B /* Release */ = {
			isa = XCBuildConfiguration;
			buildSettings = {
				ASSETCATALOG_COMPILER_APPICON_NAME = AppIcon;
				ASSETCATALOG_COMPILER_GLOBAL_ACCENT_COLOR_NAME = AccentColor;
				CODE_SIGN_STYLE = Automatic;
				DEVELOPMENT_ASSET_PATHS = "\"CNBC App/Preview Content\"";
				DEVELOPMENT_TEAM = 3Z63WM57Y7;
				ENABLE_PREVIEWS = YES;
				INFOPLIST_FILE = "CNBC App/Info.plist";
				IPHONEOS_DEPLOYMENT_TARGET = 14.0;
				LD_RUNPATH_SEARCH_PATHS = (
					"$(inherited)",
					"@executable_path/Frameworks",
				);
				PRODUCT_BUNDLE_IDENTIFIER = "JuneProject.CNBC-App";
				PRODUCT_NAME = "$(TARGET_NAME)";
				SWIFT_VERSION = 5.0;
				TARGETED_DEVICE_FAMILY = "1,2";
			};
			name = Release;
		};
/* End XCBuildConfiguration section */

/* Begin XCConfigurationList section */
		83391F3826BCE43300C5061B /* Build configuration list for PBXProject "CNBC App" */ = {
			isa = XCConfigurationList;
			buildConfigurations = (
				83391F4A26BCE43500C5061B /* Debug */,
				83391F4B26BCE43500C5061B /* Release */,
			);
			defaultConfigurationIsVisible = 0;
			defaultConfigurationName = Release;
		};
		83391F4C26BCE43500C5061B /* Build configuration list for PBXNativeTarget "CNBC App" */ = {
			isa = XCConfigurationList;
			buildConfigurations = (
				83391F4D26BCE43500C5061B /* Debug */,
				83391F4E26BCE43500C5061B /* Release */,
			);
			defaultConfigurationIsVisible = 0;
			defaultConfigurationName = Release;
		};
/* End XCConfigurationList section */
	};
	rootObject = 83391F3526BCE43300C5061B /* Project object */;
}
